
Microsoft Visual Studio Solution File, Format Version 12.00
# Visual Studio Version 16
VisualStudioVersion = 16.0.29911.84
MinimumVisualStudioVersion = 10.0.40219.1
Project("{FAE04EC0-301F-11D3-BF4B-00C04F79EFBC}") = "TrackerLibrary", "TrackerLibrary\TrackerLibrary.csproj", "{D23AECA5-8977-4169-85E3-C0D6B71667BD}"
EndProject
Project("{FAE04EC0-301F-11D3-BF4B-00C04F79EFBC}") = "TrackerUI", "TrackerUI\TrackerUI.csproj", "{9B86CCD8-FA5C-4EEA-B17C-EAD81812C7E2}"
EndProject
Global
	GlobalSection(SolutionConfigurationPlatforms) = preSolution
		Debug|Any CPU = Debug|Any CPU
		Release|Any CPU = Release|Any CPU
	EndGlobalSection
	GlobalSection(ProjectConfigurationPlatforms) = postSolution
		{D23AECA5-8977-4169-85E3-C0D6B71667BD}.Debug|Any CPU.ActiveCfg = Debug|Any CPU
		{D23AECA5-8977-4169-85E3-C0D6B71667BD}.Debug|Any CPU.Build.0 = Debug|Any CPU
		{D23AECA5-8977-4169-85E3-C0D6B71667BD}.Release|Any CPU.ActiveCfg = Release|Any CPU
		{D23AECA5-8977-4169-85E3-C0D6B71667BD}.Release|Any CPU.Build.0 = Release|Any CPU
		{9B86CCD8-FA5C-4EEA-B17C-EAD81812C7E2}.Debug|Any CPU.ActiveCfg = Debug|Any CPU
		{9B86CCD8-FA5C-4EEA-B17C-EAD81812C7E2}.Debug|Any CPU.Build.0 = Debug|Any CPU
		{9B86CCD8-FA5C-4EEA-B17C-EAD81812C7E2}.Release|Any CPU.ActiveCfg = Release|Any CPU
		{9B86CCD8-FA5C-4EEA-B17C-EAD81812C7E2}.Release|Any CPU.Build.0 = Release|Any CPU
	EndGlobalSection
	GlobalSection(SolutionProperties) = preSolution
		HideSolutionNode = FALSE
	EndGlobalSection
	GlobalSection(ExtensibilityGlobals) = postSolution
		SolutionGuid = {F489DC83-AAA2-4588-A87F-9CA2E845BB51}
	EndGlobalSection
EndGlobal
